
Microsoft Visual Studio Solution File, Format Version 12.00
# Visual Studio 15
VisualStudioVersion = 15.0.28307.779
MinimumVisualStudioVersion = 10.0.40219.1
Project("{FAE04EC0-301F-11D3-BF4B-00C04F79EFBC}") = "UmbracoRepo", "UmbracoRepo\UmbracoRepo.csproj", "{7F6FB072-9FAE-46F7-A96E-D02E08D6B5CF}"
EndProject
Global
	GlobalSection(SolutionConfigurationPlatforms) = preSolution
		Debug|Any CPU = Debug|Any CPU
		Release|Any CPU = Release|Any CPU
	EndGlobalSection
	GlobalSection(ProjectConfigurationPlatforms) = postSolution
		{7F6FB072-9FAE-46F7-A96E-D02E08D6B5CF}.Debug|Any CPU.ActiveCfg = Debug|Any CPU
		{7F6FB072-9FAE-46F7-A96E-D02E08D6B5CF}.Debug|Any CPU.Build.0 = Debug|Any CPU
		{7F6FB072-9FAE-46F7-A96E-D02E08D6B5CF}.Release|Any CPU.ActiveCfg = Release|Any CPU
		{7F6FB072-9FAE-46F7-A96E-D02E08D6B5CF}.Release|Any CPU.Build.0 = Release|Any CPU
	EndGlobalSection
	GlobalSection(SolutionProperties) = preSolution
		HideSolutionNode = FALSE
	EndGlobalSection
	GlobalSection(ExtensibilityGlobals) = postSolution
		SolutionGuid = {B452F890-20E4-43C1-B864-EDD3C3421188}
	EndGlobalSection
EndGlobal
